
Microsoft Visual Studio Solution File, Format Version 12.00
# Visual Studio Version 17
VisualStudioVersion = 17.3.32929.385
MinimumVisualStudioVersion = 10.0.40219.1
Project("{FAE04EC0-301F-11D3-BF4B-00C04F79EFBC}") = "Lesson1", "Lesson1\Lesson1.csproj", "{0F1BB3CA-E1C5-4F89-BFFF-33A53FF43F41}"
EndProject
Global
	GlobalSection(SolutionConfigurationPlatforms) = preSolution
		Debug|Any CPU = Debug|Any CPU
		Release|Any CPU = Release|Any CPU
	EndGlobalSection
	GlobalSection(ProjectConfigurationPlatforms) = postSolution
		{0F1BB3CA-E1C5-4F89-BFFF-33A53FF43F41}.Debug|Any CPU.ActiveCfg = Debug|Any CPU
		{0F1BB3CA-E1C5-4F89-BFFF-33A53FF43F41}.Debug|Any CPU.Build.0 = Debug|Any CPU
		{0F1BB3CA-E1C5-4F89-BFFF-33A53FF43F41}.Release|Any CPU.ActiveCfg = Release|Any CPU
		{0F1BB3CA-E1C5-4F89-BFFF-33A53FF43F41}.Release|Any CPU.Build.0 = Release|Any CPU
	EndGlobalSection
	GlobalSection(SolutionProperties) = preSolution
		HideSolutionNode = FALSE
	EndGlobalSection
	GlobalSection(ExtensibilityGlobals) = postSolution
		SolutionGuid = {4E14870A-81FF-449F-AA76-F65C9FB7EF3A}
	EndGlobalSection
EndGlobal
